
Microsoft Visual Studio Solution File, Format Version 12.00
Project("{FAE04EC0-301F-11D3-BF4B-00C04F79EFBC}") = "TicTacToeWebApi", "TicTacToeWebApi\TicTacToeWebApi.csproj", "{A50842BA-6FA1-43A8-B334-601F22D0B5DD}"
EndProject
Global
	GlobalSection(SolutionConfigurationPlatforms) = preSolution
		Debug|Any CPU = Debug|Any CPU
		Release|Any CPU = Release|Any CPU
	EndGlobalSection
	GlobalSection(ProjectConfigurationPlatforms) = postSolution
		{A50842BA-6FA1-43A8-B334-601F22D0B5DD}.Debug|Any CPU.ActiveCfg = Debug|Any CPU
		{A50842BA-6FA1-43A8-B334-601F22D0B5DD}.Debug|Any CPU.Build.0 = Debug|Any CPU
		{A50842BA-6FA1-43A8-B334-601F22D0B5DD}.Release|Any CPU.ActiveCfg = Release|Any CPU
		{A50842BA-6FA1-43A8-B334-601F22D0B5DD}.Release|Any CPU.Build.0 = Release|Any CPU
	EndGlobalSection
EndGlobal
